
Microsoft Visual Studio Solution File, Format Version 12.00
# Visual Studio Version 17
VisualStudioVersion = 17.14.36301.6
MinimumVisualStudioVersion = 10.0.40219.1
Project("{FAE04EC0-301F-11D3-BF4B-00C04F79EFBC}") = "ECommerceDemo.API", "ECommerceDemo.API\ECommerceDemo.API.csproj", "{132C95AB-8C82-48AD-ACB0-678514B55330}"
EndProject
Project("{2150E333-8FDC-42A3-9474-1A3956D46DE8}") = "src", "src", "{02EA681E-C7D8-13C7-8484-4AC65E1B71E8}"
EndProject
Project("{FAE04EC0-301F-11D3-BF4B-00C04F79EFBC}") = "ECommerceDemo.Domain", "ECommerceDemo.Domain\ECommerceDemo.Domain.csproj", "{F162C304-CCFB-4BF8-9984-5B66FFFB8536}"
EndProject
Project("{FAE04EC0-301F-11D3-BF4B-00C04F79EFBC}") = "ECommerceDemo.Infrastructure", "ECommerceDemo.Infrastructure\ECommerceDemo.Infrastructure.csproj", "{ADBE495C-4E1C-485A-93CA-DCDBFE1902F9}"
EndProject
Project("{2150E333-8FDC-42A3-9474-1A3956D46DE8}") = "test", "test", "{9A3B4CC2-150C-4D78-83D6-0AD4A8DB8D9C}"
EndProject
Project("{FAE04EC0-301F-11D3-BF4B-00C04F79EFBC}") = "ECommerceDemo.Application", "ECommerceDemo.Application\ECommerceDemo.Application.csproj", "{772F565C-75FA-9C00-0C98-499E325C6C1A}"
EndProject
Project("{FAE04EC0-301F-11D3-BF4B-00C04F79EFBC}") = "ECommerceDemo.Worker", "ECommerceDemo.Worker\ECommerceDemo.Worker.csproj", "{0111BD04-6F89-4976-86B7-C59FAEBD7755}"
EndProject
Global
	GlobalSection(SolutionConfigurationPlatforms) = preSolution
		Debug|Any CPU = Debug|Any CPU
		Release|Any CPU = Release|Any CPU
	EndGlobalSection
	GlobalSection(ProjectConfigurationPlatforms) = postSolution
		{132C95AB-8C82-48AD-ACB0-678514B55330}.Debug|Any CPU.ActiveCfg = Debug|Any CPU
		{132C95AB-8C82-48AD-ACB0-678514B55330}.Debug|Any CPU.Build.0 = Debug|Any CPU
		{132C95AB-8C82-48AD-ACB0-678514B55330}.Release|Any CPU.ActiveCfg = Release|Any CPU
		{132C95AB-8C82-48AD-ACB0-678514B55330}.Release|Any CPU.Build.0 = Release|Any CPU
		{F162C304-CCFB-4BF8-9984-5B66FFFB8536}.Debug|Any CPU.ActiveCfg = Debug|Any CPU
		{F162C304-CCFB-4BF8-9984-5B66FFFB8536}.Debug|Any CPU.Build.0 = Debug|Any CPU
		{F162C304-CCFB-4BF8-9984-5B66FFFB8536}.Release|Any CPU.ActiveCfg = Release|Any CPU
		{F162C304-CCFB-4BF8-9984-5B66FFFB8536}.Release|Any CPU.Build.0 = Release|Any CPU
		{ADBE495C-4E1C-485A-93CA-DCDBFE1902F9}.Debug|Any CPU.ActiveCfg = Debug|Any CPU
		{ADBE495C-4E1C-485A-93CA-DCDBFE1902F9}.Debug|Any CPU.Build.0 = Debug|Any CPU
		{ADBE495C-4E1C-485A-93CA-DCDBFE1902F9}.Release|Any CPU.ActiveCfg = Release|Any CPU
		{ADBE495C-4E1C-485A-93CA-DCDBFE1902F9}.Release|Any CPU.Build.0 = Release|Any CPU
		{772F565C-75FA-9C00-0C98-499E325C6C1A}.Debug|Any CPU.ActiveCfg = Debug|Any CPU
		{772F565C-75FA-9C00-0C98-499E325C6C1A}.Debug|Any CPU.Build.0 = Debug|Any CPU
		{772F565C-75FA-9C00-0C98-499E325C6C1A}.Release|Any CPU.ActiveCfg = Release|Any CPU
		{772F565C-75FA-9C00-0C98-499E325C6C1A}.Release|Any CPU.Build.0 = Release|Any CPU
		{0111BD04-6F89-4976-86B7-C59FAEBD7755}.Debug|Any CPU.ActiveCfg = Debug|Any CPU
		{0111BD04-6F89-4976-86B7-C59FAEBD7755}.Debug|Any CPU.Build.0 = Debug|Any CPU
		{0111BD04-6F89-4976-86B7-C59FAEBD7755}.Release|Any CPU.ActiveCfg = Release|Any CPU
		{0111BD04-6F89-4976-86B7-C59FAEBD7755}.Release|Any CPU.Build.0 = Release|Any CPU
	EndGlobalSection
	GlobalSection(SolutionProperties) = preSolution
		HideSolutionNode = FALSE
	EndGlobalSection
	GlobalSection(NestedProjects) = preSolution
		{132C95AB-8C82-48AD-ACB0-678514B55330} = {02EA681E-C7D8-13C7-8484-4AC65E1B71E8}
		{F162C304-CCFB-4BF8-9984-5B66FFFB8536} = {02EA681E-C7D8-13C7-8484-4AC65E1B71E8}
		{ADBE495C-4E1C-485A-93CA-DCDBFE1902F9} = {02EA681E-C7D8-13C7-8484-4AC65E1B71E8}
		{772F565C-75FA-9C00-0C98-499E325C6C1A} = {02EA681E-C7D8-13C7-8484-4AC65E1B71E8}
		{0111BD04-6F89-4976-86B7-C59FAEBD7755} = {02EA681E-C7D8-13C7-8484-4AC65E1B71E8}
	EndGlobalSection
	GlobalSection(ExtensibilityGlobals) = postSolution
		SolutionGuid = {39DCBFFD-0CF0-4B0C-8D21-95946F1925AC}
	EndGlobalSection
EndGlobal
